
Microsoft Visual Studio Solution File, Format Version 12.00
# Visual Studio Version 17
VisualStudioVersion = 17.9.34728.123
MinimumVisualStudioVersion = 10.0.40219.1
Project("{FAE04EC0-301F-11D3-BF4B-00C04F79EFBC}") = "LeitorDeAbastecimento", "LeitorDeAbastecimento\LeitorDeAbastecimento.csproj", "{F616DAB5-1812-474E-8A7F-D585742DD816}"
EndProject
Global
	GlobalSection(SolutionConfigurationPlatforms) = preSolution
		Debug|Any CPU = Debug|Any CPU
		Release|Any CPU = Release|Any CPU
	EndGlobalSection
	GlobalSection(ProjectConfigurationPlatforms) = postSolution
		{F616DAB5-1812-474E-8A7F-D585742DD816}.Debug|Any CPU.ActiveCfg = Debug|Any CPU
		{F616DAB5-1812-474E-8A7F-D585742DD816}.Debug|Any CPU.Build.0 = Debug|Any CPU
		{F616DAB5-1812-474E-8A7F-D585742DD816}.Release|Any CPU.ActiveCfg = Release|Any CPU
		{F616DAB5-1812-474E-8A7F-D585742DD816}.Release|Any CPU.Build.0 = Release|Any CPU
	EndGlobalSection
	GlobalSection(SolutionProperties) = preSolution
		HideSolutionNode = FALSE
	EndGlobalSection
	GlobalSection(ExtensibilityGlobals) = postSolution
		SolutionGuid = {F81D2F97-67F3-4039-AA60-63D80F7BCA5F}
	EndGlobalSection
EndGlobal
